PODS:
  - Alamofire (5.4.1)
  - AnimatedCardInput (0.3.0)
  - Kingfisher (6.1.1)
  - Moya (14.0.0):
    - Moya/Core (= 14.0.0)
  - Moya/Core (14.0.0):
    - Alamofire (~> 5.0)

DEPENDENCIES:
  - AnimatedCardInput
  - Kingfisher
  - Moya

SPEC REPOS:
  trunk:
    - Alamofire
    - AnimatedCardInput
    - Kingfisher
    - Moya

SPEC CHECKSUMS:
  Alamofire: 2291f7d21ca607c491dd17642e5d40fdcda0e65c
  AnimatedCardInput: c4753212807397578085c6812b4ed6ddca7ebf0a
  Kingfisher: 676d63307fbef6ed5d5ed400bff36983480d7500
  Moya: 5b45dacb75adb009f97fde91c204c1e565d31916

PODFILE CHECKSUM: 794967d7e738dc549c4a971339dfefab0da819b2

COCOAPODS: 1.10.1
